// !$*UTF8*$!
{
	archiveVersion = 1;
	classes = {
	};
	objectVersion = 46;
	objects = {

/* Begin PBXBuildFile section */
		49675C131A8DB5C000F02576 /* AppDelegate.m in Sources */ = {isa = PBXBuildFile; fileRef = 49675C121A8DB5C000F02576 /* AppDelegate.m */; };
		49675C151A8DB5C000F02576 /* main.m in Sources */ = {isa = PBXBuildFile; fileRef = 49675C141A8DB5C000F02576 /* main.m */; };
		49675C181A8DB5C000F02576 /* ViewController.m in Sources */ = {isa = PBXBuildFile; fileRef = 49675C171A8DB5C000F02576 /* ViewController.m */; };
		49675C1A1A8DB5C000F02576 /* Images.xcassets in Resources */ = {isa = PBXBuildFile; fileRef = 49675C191A8DB5C000F02576 /* Images.xcassets */; };
		49675C1D1A8DB5C000F02576 /* Main.storyboard in Resources */ = {isa = PBXBuildFile; fileRef = 49675C1B1A8DB5C000F02576 /* Main.storyboard */; };
		49675C291A8DB5C000F02576 /* ARHautauDrawingTests.m in Sources */ = {isa = PBXBuildFile; fileRef = 49675C281A8DB5C000F02576 /* ARHautauDrawingTests.m */; };
		49675C341A8DB60900F02576 /* BlueView.m in Sources */ = {isa = PBXBuildFile; fileRef = 49675C331A8DB60900F02576 /* BlueView.m */; };
/* End PBXBuildFile section */

/* Begin PBXContainerItemProxy section */
		49675C231A8DB5C000F02576 /* PBXContainerItemProxy */ = {
			isa = PBXContainerItemProxy;
			containerPortal = 49675C041A8DB5C000F02576 /* Project object */;
			proxyType = 1;
			remoteGlobalIDString = 49675C0B1A8DB5C000F02576;
			remoteInfo = ARHautauDrawing;
		};
/* End PBXContainerItemProxy section */

/* Begin PBXFileReference section */
		49675C0C1A8DB5C000F02576 /* ARHautauDrawing.app */ = {isa = PBXFileReference; explicitFileType = wrapper.application; includeInIndex = 0; path = ARHautauDrawing.app; sourceTree = BUILT_PRODUCTS_DIR; };
		49675C101A8DB5C000F02576 /* Info.plist */ = {isa = PBXFileReference; lastKnownFileType = text.plist.xml; path = Info.plist; sourceTree = "<group>"; };
		49675C111A8DB5C000F02576 /* AppDelegate.h */ = {isa = PBXFileReference; lastKnownFileType = sourcecode.c.h; path = AppDelegate.h; sourceTree = "<group>"; };
		49675C121A8DB5C000F02576 /* AppDelegate.m */ = {isa = PBXFileReference; lastKnownFileType = sourcecode.c.objc; path = AppDelegate.m; sourceTree = "<group>"; };
		49675C141A8DB5C000F02576 /* main.m */ = {isa = PBXFileReference; lastKnownFileType = sourcecode.c.objc; path = main.m; sourceTree = "<group>"; };
		49675C161A8DB5C000F02576 /* ViewController.h */ = {isa = PBXFileReference; lastKnownFileType = sourcecode.c.h; path = ViewController.h; sourceTree = "<group>"; };
		49675C171A8DB5C000F02576 /* ViewController.m */ = {isa = PBXFileReference; lastKnownFileType = sourcecode.c.objc; path = ViewController.m; sourceTree = "<group>"; };
		49675C191A8DB5C000F02576 /* Images.xcassets */ = {isa = PBXFileReference; lastKnownFileType = folder.assetcatalog; path = Images.xcassets; sourceTree = "<group>"; };
		49675C1C1A8DB5C000F02576 /* Base */ = {isa = PBXFileReference; lastKnownFileType = file.storyboard; name = Base; path = Base.lproj/Main.storyboard; sourceTree = "<group>"; };
		49675C221A8DB5C000F02576 /* ARHautauDrawingTests.xctest */ = {isa = PBXFileReference; explicitFileType = wrapper.cfbundle; includeInIndex = 0; path = ARHautauDrawingTests.xctest; sourceTree = BUILT_PRODUCTS_DIR; };
		49675C271A8DB5C000F02576 /* Info.plist */ = {isa = PBXFileReference; lastKnownFileType = text.plist.xml; path = Info.plist; sourceTree = "<group>"; };
		49675C281A8DB5C000F02576 /* ARHautauDrawingTests.m */ = {isa = PBXFileReference; lastKnownFileType = sourcecode.c.objc; path = ARHautauDrawingTests.m; sourceTree = "<group>"; };
		49675C321A8DB60900F02576 /* BlueView.h */ = {isa = PBXFileReference; fileEncoding = 4; lastKnownFileType = sourcecode.c.h; path = BlueView.h; sourceTree = "<group>"; };
		49675C331A8DB60900F02576 /* BlueView.m */ = {isa = PBXFileReference; fileEncoding = 4; lastKnownFileType = sourcecode.c.objc; path = BlueView.m; sourceTree = "<group>"; };
/* End PBXFileReference section */

/* Begin PBXFrameworksBuildPhase section */
		49675C091A8DB5C000F02576 /* Frameworks */ = {
			isa = PBXFrameworksBuildPhase;
			buildActionMask = 2147483647;
			files = (
			);
			runOnlyForDeploymentPostprocessing = 0;
		};
		49675C1F1A8DB5C000F02576 /* Frameworks */ = {
			isa = PBXFrameworksBuildPhase;
			buildActionMask = 2147483647;
			files = (
			);
			runOnlyForDeploymentPostprocessing = 0;
		};
/* End PBXFrameworksBuildPhase section */

/* Begin PBXGroup section */
		49675C031A8DB5C000F02576 = {
			isa = PBXGroup;
			children = (
				49675C0E1A8DB5C000F02576 /* ARHautauDrawing */,
				49675C251A8DB5C000F02576 /* ARHautauDrawingTests */,
				49675C0D1A8DB5C000F02576 /* Products */,
			);
			sourceTree = "<group>";
		};
		49675C0D1A8DB5C000F02576 /* Products */ = {
			isa = PBXGroup;
			children = (
				49675C0C1A8DB5C000F02576 /* ARHautauDrawing.app */,
				49675C221A8DB5C000F02576 /* ARHautauDrawingTests.xctest */,
			);
			name = Products;
			sourceTree = "<group>";
		};
		49675C0E1A8DB5C000F02576 /* ARHautauDrawing */ = {
			isa = PBXGroup;
			children = (
				49675C111A8DB5C000F02576 /* AppDelegate.h */,
				49675C321A8DB60900F02576 /* BlueView.h */,
				49675C331A8DB60900F02576 /* BlueView.m */,
				49675C121A8DB5C000F02576 /* AppDelegate.m */,
				49675C161A8DB5C000F02576 /* ViewController.h */,
				49675C171A8DB5C000F02576 /* ViewController.m */,
				49675C191A8DB5C000F02576 /* Images.xcassets */,
				49675C1B1A8DB5C000F02576 /* Main.storyboard */,
				49675C0F1A8DB5C000F02576 /* Supporting Files */,
			);
			path = ARHautauDrawing;
			sourceTree = "<group>";
		};
		49675C0F1A8DB5C000F02576 /* Supporting Files */ = {
			isa = PBXGroup;
			children = (
				49675C101A8DB5C000F02576 /* Info.plist */,
				49675C141A8DB5C000F02576 /* main.m */,
			);
			name = "Supporting Files";
			sourceTree = "<group>";
		};
		49675C251A8DB5C000F02576 /* ARHautauDrawingTests */ = {
			isa = PBXGroup;
			children = (
				49675C281A8DB5C000F02576 /* ARHautauDrawingTests.m */,
				49675C261A8DB5C000F02576 /* Supporting Files */,
			);
			path = ARHautauDrawingTests;
			sourceTree = "<group>";
		};
		49675C261A8DB5C000F02576 /* Supporting Files */ = {
			isa = PBXGroup;
			children = (
				49675C271A8DB5C000F02576 /* Info.plist */,
			);
			name = "Supporting Files";
			sourceTree = "<group>";
		};
/* End PBXGroup section */

/* Begin PBXNativeTarget section */
		49675C0B1A8DB5C000F02576 /* ARHautauDrawing */ = {
			isa = PBXNativeTarget;
			buildConfigurationList = 49675C2C1A8DB5C000F02576 /* Build configuration list for PBXNativeTarget "ARHautauDrawing" */;
			buildPhases = (
				49675C081A8DB5C000F02576 /* Sources */,
				49675C091A8DB5C000F02576 /* Frameworks */,
				49675C0A1A8DB5C000F02576 /* Resources */,
			);
			buildRules = (
			);
			dependencies = (
			);
			name = ARHautauDrawing;
			productName = ARHautauDrawing;
			productReference = 49675C0C1A8DB5C000F02576 /* ARHautauDrawing.app */;
			productType = "com.apple.product-type.application";
		};
		49675C211A8DB5C000F02576 /* ARHautauDrawingTests */ = {
			isa = PBXNativeTarget;
			buildConfigurationList = 49675C2F1A8DB5C000F02576 /* Build configuration list for PBXNativeTarget "ARHautauDrawingTests" */;
			buildPhases = (
				49675C1E1A8DB5C000F02576 /* Sources */,
				49675C1F1A8DB5C000F02576 /* Frameworks */,
				49675C201A8DB5C000F02576 /* Resources */,
			);
			buildRules = (
			);
			dependencies = (
				49675C241A8DB5C000F02576 /* PBXTargetDependency */,
			);
			name = ARHautauDrawingTests;
			productName = ARHautauDrawingTests;
			productReference = 49675C221A8DB5C000F02576 /* ARHautauDrawingTests.xctest */;
			productType = "com.apple.product-type.bundle.unit-test";
		};
/* End PBXNativeTarget section */

/* Begin PBXProject section */
		49675C041A8DB5C000F02576 /* Project object */ = {
			isa = PBXProject;
			attributes = {
				LastUpgradeCheck = 0610;
				ORGANIZATIONNAME = "Andrew Hautau";
				TargetAttributes = {
					49675C0B1A8DB5C000F02576 = {
						CreatedOnToolsVersion = 6.1;
					};
					49675C211A8DB5C000F02576 = {
						CreatedOnToolsVersion = 6.1;
						TestTargetID = 49675C0B1A8DB5C000F02576;
					};
				};
			};
			buildConfigurationList = 49675C071A8DB5C000F02576 /* Build configuration list for PBXProject "ARHautauDrawing" */;
			compatibilityVersion = "Xcode 3.2";
			developmentRegion = English;
			hasScannedForEncodings = 0;
			knownRegions = (
				en,
				Base,
			);
			mainGroup = 49675C031A8DB5C000F02576;
			productRefGroup = 49675C0D1A8DB5C000F02576 /* Products */;
			projectDirPath = "";
			projectRoot = "";
			targets = (
				49675C0B1A8DB5C000F02576 /* ARHautauDrawing */,
				49675C211A8DB5C000F02576 /* ARHautauDrawingTests */,
			);
		};
/* End PBXProject section */

/* Begin PBXResourcesBuildPhase section */
		49675C0A1A8DB5C000F02576 /* Resources */ = {
			isa = PBXResourcesBuildPhase;
			buildActionMask = 2147483647;
			files = (
				49675C1A1A8DB5C000F02576 /* Images.xcassets in Resources */,
				49675C1D1A8DB5C000F02576 /* Main.storyboard in Resources */,
			);
			runOnlyForDeploymentPostprocessing = 0;
		};
		49675C201A8DB5C000F02576 /* Resources */ = {
			isa = PBXResourcesBuildPhase;
			buildActionMask = 2147483647;
			files = (
			);
			runOnlyForDeploymentPostprocessing = 0;
		};
/* End PBXResourcesBuildPhase section */

/* Begin PBXSourcesBuildPhase section */
		49675C081A8DB5C000F02576 /* Sources */ = {
			isa = PBXSourcesBuildPhase;
			buildActionMask = 2147483647;
			files = (
				49675C341A8DB60900F02576 /* BlueView.m in Sources */,
				49675C181A8DB5C000F02576 /* ViewController.m in Sources */,
				49675C151A8DB5C000F02576 /* main.m in Sources */,
				49675C131A8DB5C000F02576 /* AppDelegate.m in Sources */,
			);
			runOnlyForDeploymentPostprocessing = 0;
		};
		49675C1E1A8DB5C000F02576 /* Sources */ = {
			isa = PBXSourcesBuildPhase;
			buildActionMask = 2147483647;
			files = (
				49675C291A8DB5C000F02576 /* ARHautauDrawingTests.m in Sources */,
			);
			runOnlyForDeploymentPostprocessing = 0;
		};
/* End PBXSourcesBuildPhase section */

/* Begin PBXTargetDependency section */
		49675C241A8DB5C000F02576 /* PBXTargetDependency */ = {
			isa = PBXTargetDependency;
			target = 49675C0B1A8DB5C000F02576 /* ARHautauDrawing */;
			targetProxy = 49675C231A8DB5C000F02576 /* PBXContainerItemProxy */;
		};
/* End PBXTargetDependency section */

/* Begin PBXVariantGroup section */
		49675C1B1A8DB5C000F02576 /* Main.storyboard */ = {
			isa = PBXVariantGroup;
			children = (
				49675C1C1A8DB5C000F02576 /* Base */,
			);
			name = Main.storyboard;
			sourceTree = "<group>";
		};
/* End PBXVariantGroup section */

/* Begin XCBuildConfiguration section */
		49675C2A1A8DB5C000F02576 /* Debug */ = {
			isa = XCBuildConfiguration;
			buildSettings = {
				ALWAYS_SEARCH_USER_PATHS = NO;
				CLANG_CXX_LANGUAGE_STANDARD = "gnu++0x";
				CLANG_CXX_LIBRARY = "libc++";
				CLANG_ENABLE_MODULES = YES;
				CLANG_ENABLE_OBJC_ARC = YES;
				CLANG_WARN_BOOL_CONVERSION = YES;
				CLANG_WARN_CONSTANT_CONVERSION = YES;
				CLANG_WARN_DIRECT_OBJC_ISA_USAGE = YES_ERROR;
				CLANG_WARN_EMPTY_BODY = YES;
				CLANG_WARN_ENUM_CONVERSION = YES;
				CLANG_WARN_INT_CONVERSION = YES;
				CLANG_WARN_OBJC_ROOT_CLASS = YES_ERROR;
				CLANG_WARN_UNREACHABLE_CODE = YES;
				CLANG_WARN__DUPLICATE_METHOD_MATCH = YES;
				CODE_SIGN_IDENTITY = "-";
				COPY_PHASE_STRIP = NO;
				ENABLE_STRICT_OBJC_MSGSEND = YES;
				GCC_C_LANGUAGE_STANDARD = gnu99;
				GCC_DYNAMIC_NO_PIC = NO;
				GCC_OPTIMIZATION_LEVEL = 0;
				GCC_PREPROCESSOR_DEFINITIONS = (
					"DEBUG=1",
					"$(inherited)",
				);
				GCC_SYMBOLS_PRIVATE_EXTERN = NO;
				GCC_WARN_64_TO_32_BIT_CONVERSION = YES;
				GCC_WARN_ABOUT_RETURN_TYPE = YES_ERROR;
				GCC_WARN_UNDECLARED_SELECTOR = YES;
				GCC_WARN_UNINITIALIZED_AUTOS = YES_AGGRESSIVE;
				GCC_WARN_UNUSED_FUNCTION = YES;
				GCC_WARN_UNUSED_VARIABLE = YES;
				MACOSX_DEPLOYMENT_TARGET = 10.10;
				MTL_ENABLE_DEBUG_INFO = YES;
				ONLY_ACTIVE_ARCH = YES;
				SDKROOT = macosx;
			};
			name = Debug;
		};
		49675C2B1A8DB5C000F02576 /* Release */ = {
			isa = XCBuildConfiguration;
			buildSettings = {
				ALWAYS_SEARCH_USER_PATHS = NO;
				CLANG_CXX_LANGUAGE_STANDARD = "gnu++0x";
				CLANG_CXX_LIBRARY = "libc++";
				CLANG_ENABLE_MODULES = YES;
				CLANG_ENABLE_OBJC_ARC = YES;
				CLANG_WARN_BOOL_CONVERSION = YES;
				CLANG_WARN_CONSTANT_CONVERSION = YES;
				CLANG_WARN_DIRECT_OBJC_ISA_USAGE = YES_ERROR;
				CLANG_WARN_EMPTY_BODY = YES;
				CLANG_WARN_ENUM_CONVERSION = YES;
				CLANG_WARN_INT_CONVERSION = YES;
				CLANG_WARN_OBJC_ROOT_CLASS = YES_ERROR;
				CLANG_WARN_UNREACHABLE_CODE = YES;
				CLANG_WARN__DUPLICATE_METHOD_MATCH = YES;
				CODE_SIGN_IDENTITY = "-";
				COPY_PHASE_STRIP = YES;
				DEBUG_INFORMATION_FORMAT = "dwarf-with-dsym";
				ENABLE_NS_ASSERTIONS = NO;
				ENABLE_STRICT_OBJC_MSGSEND = YES;
				GCC_C_LANGUAGE_STANDARD = gnu99;
				GCC_WARN_64_TO_32_BIT_CONVERSION = YES;
				GCC_WARN_ABOUT_RETURN_TYPE = YES_ERROR;
				GCC_WARN_UNDECLARED_SELECTOR = YES;
				GCC_WARN_UNINITIALIZED_AUTOS = YES_AGGRESSIVE;
				GCC_WARN_UNUSED_FUNCTION = YES;
				GCC_WARN_UNUSED_VARIABLE = YES;
				MACOSX_DEPLOYMENT_TARGET = 10.10;
				MTL_ENABLE_DEBUG_INFO = NO;
				SDKROOT = macosx;
			};
			name = Release;
		};
		49675C2D1A8DB5C000F02576 /* Debug */ = {
			isa = XCBuildConfiguration;
			buildSettings = {
				ASSETCATALOG_COMPILER_APPICON_NAME = AppIcon;
				COMBINE_HIDPI_IMAGES = YES;
				INFOPLIST_FILE = ARHautauDrawing/Info.plist;
				LD_RUNPATH_SEARCH_PATHS = "$(inherited) @executable_path/../Frameworks";
				PRODUCT_NAME = "$(TARGET_NAME)";
			};
			name = Debug;
		};
		49675C2E1A8DB5C000F02576 /* Release */ = {
			isa = XCBuildConfiguration;
			buildSettings = {
				ASSETCATALOG_COMPILER_APPICON_NAME = AppIcon;
				COMBINE_HIDPI_IMAGES = YES;
				INFOPLIST_FILE = ARHautauDrawing/Info.plist;
				LD_RUNPATH_SEARCH_PATHS = "$(inherited) @executable_path/../Frameworks";
				PRODUCT_NAME = "$(TARGET_NAME)";
			};
			name = Release;
		};
		49675C301A8DB5C000F02576 /* Debug */ = {
			isa = XCBuildConfiguration;
			buildSettings = {
				BUNDLE_LOADER = "$(TEST_HOST)";
				COMBINE_HIDPI_IMAGES = YES;
				FRAMEWORK_SEARCH_PATHS = (
					"$(DEVELOPER_FRAMEWORKS_DIR)",
					"$(inherited)",
				);
				GCC_PREPROCESSOR_DEFINITIONS = (
					"DEBUG=1",
					"$(inherited)",
				);
				INFOPLIST_FILE = ARHautauDrawingTests/Info.plist;
				LD_RUNPATH_SEARCH_PATHS = "$(inherited) @executable_path/../Frameworks @loader_path/../Frameworks";
				PRODUCT_NAME = "$(TARGET_NAME)";
				TEST_HOST = "$(BUILT_PRODUCTS_DIR)/ARHautauDrawing.app/Contents/MacOS/ARHautauDrawing";
			};
			name = Debug;
		};
		49675C311A8DB5C000F02576 /* Release */ = {
			isa = XCBuildConfiguration;
			buildSettings = {
				BUNDLE_LOADER = "$(TEST_HOST)";
				COMBINE_HIDPI_IMAGES = YES;
				FRAMEWORK_SEARCH_PATHS = (
					"$(DEVELOPER_FRAMEWORKS_DIR)",
					"$(inherited)",
				);
				INFOPLIST_FILE = ARHautauDrawingTests/Info.plist;
				LD_RUNPATH_SEARCH_PATHS = "$(inherited) @executable_path/../Frameworks @loader_path/../Frameworks";
				PRODUCT_NAME = "$(TARGET_NAME)";
				TEST_HOST = "$(BUILT_PRODUCTS_DIR)/ARHautauDrawing.app/Contents/MacOS/ARHautauDrawing";
			};
			name = Release;
		};
/* End XCBuildConfiguration section */

/* Begin XCConfigurationList section */
		49675C071A8DB5C000F02576 /* Build configuration list for PBXProject "ARHautauDrawing" */ = {
			isa = XCConfigurationList;
			buildConfigurations = (
				49675C2A1A8DB5C000F02576 /* Debug */,
				49675C2B1A8DB5C000F02576 /* Release */,
			);
			defaultConfigurationIsVisible = 0;
			defaultConfigurationName = Release;
		};
		49675C2C1A8DB5C000F02576 /* Build configuration list for PBXNativeTarget "ARHautauDrawing" */ = {
			isa = XCConfigurationList;
			buildConfigurations = (
				49675C2D1A8DB5C000F02576 /* Debug */,
				49675C2E1A8DB5C000F02576 /* Release */,
			);
			defaultConfigurationIsVisible = 0;
		};
		49675C2F1A8DB5C000F02576 /* Build configuration list for PBXNativeTarget "ARHautauDrawingTests" */ = {
			isa = XCConfigurationList;
			buildConfigurations = (
				49675C301A8DB5C000F02576 /* Debug */,
				49675C311A8DB5C000F02576 /* Release */,
			);
			defaultConfigurationIsVisible = 0;
		};
/* End XCConfigurationList section */
	};
	rootObject = 49675C041A8DB5C000F02576 /* Project object */;
}
